
Microsoft Visual Studio Solution File, Format Version 12.00
# Visual Studio Version 17
VisualStudioVersion = 17.11.35222.181
MinimumVisualStudioVersion = 10.0.40219.1
Project("{FAE04EC0-301F-11D3-BF4B-00C04F79EFBC}") = "Loginfo", "Loginfo\Loginfo.csproj", "{39930195-CF1E-4D18-B70F-3C2F7595A9DD}"
EndProject
Global
	GlobalSection(SolutionConfigurationPlatforms) = preSolution
		Debug|Any CPU = Debug|Any CPU
		Release|Any CPU = Release|Any CPU
	EndGlobalSection
	GlobalSection(ProjectConfigurationPlatforms) = postSolution
		{39930195-CF1E-4D18-B70F-3C2F7595A9DD}.Debug|Any CPU.ActiveCfg = Debug|Any CPU
		{39930195-CF1E-4D18-B70F-3C2F7595A9DD}.Debug|Any CPU.Build.0 = Debug|Any CPU
		{39930195-CF1E-4D18-B70F-3C2F7595A9DD}.Release|Any CPU.ActiveCfg = Release|Any CPU
		{39930195-CF1E-4D18-B70F-3C2F7595A9DD}.Release|Any CPU.Build.0 = Release|Any CPU
	EndGlobalSection
	GlobalSection(SolutionProperties) = preSolution
		HideSolutionNode = FALSE
	EndGlobalSection
	GlobalSection(ExtensibilityGlobals) = postSolution
		SolutionGuid = {77FF9ACF-64ED-442A-955D-76EA0FC4B9F7}
	EndGlobalSection
EndGlobal
